
Microsoft Visual Studio Solution File, Format Version 12.00
# Visual Studio Version 17
VisualStudioVersion = 17.11.35312.102
MinimumVisualStudioVersion = 10.0.40219.1
Project("{FAE04EC0-301F-11D3-BF4B-00C04F79EFBC}") = "ntpyaratıcılıködevi", "ntpyaratıcılıködevi\ntpyaratıcılıködevi.csproj", "{6FDCFBF6-89FC-474B-AB70-6EE763EC0B95}"
EndProject
Global
	GlobalSection(SolutionConfigurationPlatforms) = preSolution
		Debug|Any CPU = Debug|Any CPU
		Release|Any CPU = Release|Any CPU
	EndGlobalSection
	GlobalSection(ProjectConfigurationPlatforms) = postSolution
		{6FDCFBF6-89FC-474B-AB70-6EE763EC0B95}.Debug|Any CPU.ActiveCfg = Debug|Any CPU
		{6FDCFBF6-89FC-474B-AB70-6EE763EC0B95}.Debug|Any CPU.Build.0 = Debug|Any CPU
		{6FDCFBF6-89FC-474B-AB70-6EE763EC0B95}.Release|Any CPU.ActiveCfg = Release|Any CPU
		{6FDCFBF6-89FC-474B-AB70-6EE763EC0B95}.Release|Any CPU.Build.0 = Release|Any CPU
	EndGlobalSection
	GlobalSection(SolutionProperties) = preSolution
		HideSolutionNode = FALSE
	EndGlobalSection
	GlobalSection(ExtensibilityGlobals) = postSolution
		SolutionGuid = {AC503D4A-CB09-4CFD-8A16-E68D8C5EEA26}
	EndGlobalSection
EndGlobal
